
Microsoft Visual Studio Solution File, Format Version 12.00
# Visual Studio Version 16
VisualStudioVersion = 16.0.31205.134
MinimumVisualStudioVersion = 10.0.40219.1
Project("{8BC9CEB8-8B4A-11D0-8D11-00A0C91BC942}") = "Sandbox", "Sandbox\Sandbox.vcxproj", "{DB2214E7-219C-4A45-9322-777CF703B99D}"
EndProject
Project("{8BC9CEB8-8B4A-11D0-8D11-00A0C91BC942}") = "Hazelclone", "Hazelclone.vcxproj", "{0E52633C-370C-4C51-BEED-6F7134730639}"
EndProject
Global
	GlobalSection(SolutionConfigurationPlatforms) = preSolution
		Debug|x64 = Debug|x64
		Release|x64 = Release|x64
	EndGlobalSection
	GlobalSection(ProjectConfigurationPlatforms) = postSolution
		{0E52633C-370C-4C51-BEED-6F7134730639}.Debug|x64.ActiveCfg = Debug|x64
		{0E52633C-370C-4C51-BEED-6F7134730639}.Debug|x64.Build.0 = Debug|x64
		{0E52633C-370C-4C51-BEED-6F7134730639}.Release|x64.ActiveCfg = Release|x64
		{0E52633C-370C-4C51-BEED-6F7134730639}.Release|x64.Build.0 = Release|x64
		{DB2214E7-219C-4A45-9322-777CF703B99D}.Debug|x64.ActiveCfg = Debug|x64
		{DB2214E7-219C-4A45-9322-777CF703B99D}.Debug|x64.Build.0 = Debug|x64
		{DB2214E7-219C-4A45-9322-777CF703B99D}.Release|x64.ActiveCfg = Release|x64
		{DB2214E7-219C-4A45-9322-777CF703B99D}.Release|x64.Build.0 = Release|x64
	EndGlobalSection
	GlobalSection(SolutionProperties) = preSolution
		HideSolutionNode = FALSE
	EndGlobalSection
	GlobalSection(ExtensibilityGlobals) = postSolution
		SolutionGuid = {823D4115-8A68-4220-BF33-D8579C5DA9E6}
	EndGlobalSection
EndGlobal
